
Microsoft Visual Studio Solution File, Format Version 12.00
# Visual Studio 2012
Project("{FAE04EC0-301F-11D3-BF4B-00C04F79EFBC}") = "01.SchoolProject", "01.SchoolProject\01.SchoolProject.csproj", "{02527BB4-5E5B-426B-8F38-B05BDF08962E}"
EndProject
Project("{FAE04EC0-301F-11D3-BF4B-00C04F79EFBC}") = "02.SchoolTest", "02.SchoolTest\02.SchoolTest.csproj", "{E59ECD88-3817-48B2-A093-7B6EF3CBD3B2}"
EndProject
Global
	GlobalSection(SolutionConfigurationPlatforms) = preSolution
		Debug|Any CPU = Debug|Any CPU
		Release|Any CPU = Release|Any CPU
	EndGlobalSection
	GlobalSection(ProjectConfigurationPlatforms) = postSolution
		{02527BB4-5E5B-426B-8F38-B05BDF08962E}.Debug|Any CPU.ActiveCfg = Debug|Any CPU
		{02527BB4-5E5B-426B-8F38-B05BDF08962E}.Debug|Any CPU.Build.0 = Debug|Any CPU
		{02527BB4-5E5B-426B-8F38-B05BDF08962E}.Release|Any CPU.ActiveCfg = Release|Any CPU
		{02527BB4-5E5B-426B-8F38-B05BDF08962E}.Release|Any CPU.Build.0 = Release|Any CPU
		{E59ECD88-3817-48B2-A093-7B6EF3CBD3B2}.Debug|Any CPU.ActiveCfg = Debug|Any CPU
		{E59ECD88-3817-48B2-A093-7B6EF3CBD3B2}.Debug|Any CPU.Build.0 = Debug|Any CPU
		{E59ECD88-3817-48B2-A093-7B6EF3CBD3B2}.Release|Any CPU.ActiveCfg = Release|Any CPU
		{E59ECD88-3817-48B2-A093-7B6EF3CBD3B2}.Release|Any CPU.Build.0 = Release|Any CPU
	EndGlobalSection
	GlobalSection(SolutionProperties) = preSolution
		HideSolutionNode = FALSE
	EndGlobalSection
EndGlobal
